
Microsoft Visual Studio Solution File, Format Version 12.00
# Visual Studio Version 17
VisualStudioVersion = 17.5.33502.453
MinimumVisualStudioVersion = 10.0.40219.1
Project("{FAE04EC0-301F-11D3-BF4B-00C04F79EFBC}") = "WinFormsApp1", "WinFormsApp1\WinFormsApp1.csproj", "{2CC6E368-8D7A-47E6-B4D9-E899CEF528EA}"
EndProject
Global
	GlobalSection(SolutionConfigurationPlatforms) = preSolution
		Debug|Any CPU = Debug|Any CPU
		Release|Any CPU = Release|Any CPU
	EndGlobalSection
	GlobalSection(ProjectConfigurationPlatforms) = postSolution
		{2CC6E368-8D7A-47E6-B4D9-E899CEF528EA}.Debug|Any CPU.ActiveCfg = Debug|Any CPU
		{2CC6E368-8D7A-47E6-B4D9-E899CEF528EA}.Debug|Any CPU.Build.0 = Debug|Any CPU
		{2CC6E368-8D7A-47E6-B4D9-E899CEF528EA}.Release|Any CPU.ActiveCfg = Release|Any CPU
		{2CC6E368-8D7A-47E6-B4D9-E899CEF528EA}.Release|Any CPU.Build.0 = Release|Any CPU
	EndGlobalSection
	GlobalSection(SolutionProperties) = preSolution
		HideSolutionNode = FALSE
	EndGlobalSection
	GlobalSection(ExtensibilityGlobals) = postSolution
		SolutionGuid = {73B2A360-E14D-4700-B980-B394F336411A}
	EndGlobalSection
EndGlobal
